
Microsoft Visual Studio Solution File, Format Version 12.00
# Visual Studio 14
VisualStudioVersion = 14.0.25420.1
MinimumVisualStudioVersion = 10.0.40219.1
Project("{2150E333-8FDC-42A3-9474-1A3956D46DE8}") = "Basics", "Basics", "{351C60C1-4BE0-4F8D-BE9C-7A2EC228DE91}"
EndProject
Project("{FAE04EC0-301F-11D3-BF4B-00C04F79EFBC}") = "TP_CSF_Basics_HelloWorld", "Basics\TP_CSF_Basics_HelloWorld\TP_CSF_Basics_HelloWorld.csproj", "{C726A1FE-0B4E-4948-A50E-B5AA0A47090C}"
EndProject
Project("{2150E333-8FDC-42A3-9474-1A3956D46DE8}") = "ValueTypes", "ValueTypes", "{D2E94D46-6D75-4791-A8FE-3B85075BB575}"
EndProject
Project("{FAE04EC0-301F-11D3-BF4B-00C04F79EFBC}") = "TP_CSF_ValueTypes_Int", "ValueTypes\TP_CSF_ValueTypes_Int\TP_CSF_ValueTypes_Int.csproj", "{F49F4CA8-7E66-4C67-BC02-551A931A5287}"
EndProject
Project("{FAE04EC0-301F-11D3-BF4B-00C04F79EFBC}") = "TP_CSF_ValueTypes_UInt", "ValueTypes\TP_CSF_ValueTypes_UInt\TP_CSF_ValueTypes_UInt.csproj", "{0C6603D7-C22F-4637-912E-DA7D441F6B36}"
EndProject
Project("{FAE04EC0-301F-11D3-BF4B-00C04F79EFBC}") = "TP_CSF_ValueTypes_Long", "ValueTypes\TP_CSF_ValueTypes_Long\TP_CSF_ValueTypes_Long.csproj", "{9358D214-C8F9-430F-A726-1A619D6A3FCE}"
EndProject
Project("{FAE04EC0-301F-11D3-BF4B-00C04F79EFBC}") = "TP_CSF_ValueTypes_ULong", "ValueTypes\TP_CSF_ValueTypes_ULong\TP_CSF_ValueTypes_ULong.csproj", "{5E9FEA6C-33DE-44F6-8756-848CA4C87EC5}"
EndProject
Project("{FAE04EC0-301F-11D3-BF4B-00C04F79EFBC}") = "TP_CSF_ValueTypes_Short", "ValueTypes\TP_CSF_ValueTypes_Short\TP_CSF_ValueTypes_Short.csproj", "{ED1E6FBE-FAEE-439B-A041-0D4092A687FE}"
EndProject
Project("{FAE04EC0-301F-11D3-BF4B-00C04F79EFBC}") = "TP_CSF_ValueTypes_UShort", "ValueTypes\TP_CSF_ValueTypes_UShort\TP_CSF_ValueTypes_UShort.csproj", "{D954A0D2-50E2-472F-AB43-24DD50546B54}"
EndProject
Project("{FAE04EC0-301F-11D3-BF4B-00C04F79EFBC}") = "TP_CSF_ValueTypes_Byte", "ValueTypes\TP_CSF_ValueTypes_Byte\TP_CSF_ValueTypes_Byte.csproj", "{5CC2F253-BA93-4A42-951F-C36A1A675AC3}"
EndProject
Project("{FAE04EC0-301F-11D3-BF4B-00C04F79EFBC}") = "TP_CSF_ValueTypes_SByte", "ValueTypes\TP_CSF_ValueTypes_SByte\TP_CSF_ValueTypes_SByte.csproj", "{3BDD2DEA-B198-4C10-9363-47D5E1BE3445}"
EndProject
Project("{FAE04EC0-301F-11D3-BF4B-00C04F79EFBC}") = "TP_CSF_ValueTypes_Float", "ValueTypes\TP_CSF_ValueTypes_Float\TP_CSF_ValueTypes_Float.csproj", "{90960B17-4E23-4F57-B51F-1F68181BA0FB}"
EndProject
Project("{FAE04EC0-301F-11D3-BF4B-00C04F79EFBC}") = "TP_CSF_ValueTypes_Double", "ValueTypes\TP_CSF_ValueTypes_Double\TP_CSF_ValueTypes_Double.csproj", "{00BC6C31-B0DA-46EC-A9D4-73A9E7260956}"
EndProject
Project("{FAE04EC0-301F-11D3-BF4B-00C04F79EFBC}") = "TP_CSF_ValueTypes_Decimal", "ValueTypes\TP_CSF_ValueTypes_Decimal\TP_CSF_ValueTypes_Decimal.csproj", "{A8EA4C96-E57A-4183-B8A3-71A11F461F55}"
EndProject
Project("{FAE04EC0-301F-11D3-BF4B-00C04F79EFBC}") = "TP_CSF_ValueTypes_Bool", "ValueTypes\TP_CSF_ValueTypes_Bool\TP_CSF_ValueTypes_Bool.csproj", "{ECA92691-FFA0-4057-8D4E-574960D1DF9C}"
EndProject
Project("{FAE04EC0-301F-11D3-BF4B-00C04F79EFBC}") = "TP_CSF_ValueTypes_Char", "ValueTypes\TP_CSF_ValueTypes_Char\TP_CSF_ValueTypes_Char.csproj", "{A7B09214-8BC5-4AA8-94C4-6BFFED1E1E8D}"
EndProject
Project("{2150E333-8FDC-42A3-9474-1A3956D46DE8}") = "Operators", "Operators", "{C5606315-07D8-44A4-9C59-1E598106F6B5}"
EndProject
Project("{FAE04EC0-301F-11D3-BF4B-00C04F79EFBC}") = "TP_CSF_Operators_ArithmeticOperators_Add", "Operators\TP_CSF_Operators_ArithmeticOperators_Add\TP_CSF_Operators_ArithmeticOperators_Add.csproj", "{D189B6FB-3915-4E57-82E0-1897F7A82742}"
EndProject
Project("{FAE04EC0-301F-11D3-BF4B-00C04F79EFBC}") = "TP_CSF_Operators_ArithmeticOperators_Subtract", "Operators\TP_CSF_Operators_ArithmeticOperators_Subtract\TP_CSF_Operators_ArithmeticOperators_Subtract.csproj", "{AFA1519B-14C0-4B82-8157-A09755B39464}"
EndProject
Project("{FAE04EC0-301F-11D3-BF4B-00C04F79EFBC}") = "TP_CSF_Operators_ArithmeticOperators_Multiply", "Operators\TP_CSF_Operators_ArithmeticOperators_Multiply\TP_CSF_Operators_ArithmeticOperators_Multiply.csproj", "{23CA2443-CA27-464C-BA67-D32EE353F431}"
EndProject
Project("{FAE04EC0-301F-11D3-BF4B-00C04F79EFBC}") = "TP_CSF_Operators_ArithmeticOperators_Divide", "Operators\TP_CSF_Operators_ArithmeticOperators_Divide\TP_CSF_Operators_ArithmeticOperators_Divide.csproj", "{38055EFE-1D1A-4301-B0F5-752EA6C420C1}"
EndProject
Project("{FAE04EC0-301F-11D3-BF4B-00C04F79EFBC}") = "TP_CSF_Operators_ArithmeticOperators_Modulo", "Operators\TP_CSF_Operators_ArithmeticOperators_Modulo\TP_CSF_Operators_ArithmeticOperators_Modulo.csproj", "{F68CE910-4288-4546-A7F3-B5CDFECEFC12}"
EndProject
Project("{FAE04EC0-301F-11D3-BF4B-00C04F79EFBC}") = "TP_CSF_Operators_ArithmeticOperators_Increment", "Operators\TP_CSF_Operators_ArithmeticOperators_Increment\TP_CSF_Operators_ArithmeticOperators_Increment.csproj", "{502D3236-0F0F-4A94-B43F-519F89F02AB2}"
EndProject
Project("{FAE04EC0-301F-11D3-BF4B-00C04F79EFBC}") = "TP_CSF_Operators_ArithmeticOperators_Decrement", "Operators\TP_CSF_Operators_ArithmeticOperators_Decrement\TP_CSF_Operators_ArithmeticOperators_Decrement.csproj", "{CDA7795A-FE7E-4FEE-AE1B-2FE5964610C4}"
EndProject
Project("{2150E333-8FDC-42A3-9474-1A3956D46DE8}") = "Variables", "Variables", "{28BA61D3-9ECB-4932-AAE0-5416ED7EC5AC}"
EndProject
Project("{FAE04EC0-301F-11D3-BF4B-00C04F79EFBC}") = "TP_CSF_Variables_1Variable", "Variables\TP_CSF_Variables_1Variable\TP_CSF_Variables_1Variable.csproj", "{0DEB08A0-7672-46E5-BA13-94F21C059851}"
EndProject
Project("{FAE04EC0-301F-11D3-BF4B-00C04F79EFBC}") = "TP_CSF_Variables_2Variables", "Variables\TP_CSF_Variables_2Variables\TP_CSF_Variables_2Variables.csproj", "{5E479212-9D0B-40B7-A9D8-15AC87424B10}"
EndProject
Project("{FAE04EC0-301F-11D3-BF4B-00C04F79EFBC}") = "TP_CSF_Variables_4Variables", "Variables\TP_CSF_Variables_4Variables\TP_CSF_Variables_4Variables.csproj", "{4F51A00F-CC57-469C-82FD-EA3C0743796A}"
EndProject
Project("{FAE04EC0-301F-11D3-BF4B-00C04F79EFBC}") = "TP_CSF_Variables_5Variables", "Variables\TP_CSF_Variables_5Variables\TP_CSF_Variables_5Variables.csproj", "{75CDE07D-D8B7-4494-950B-FFF6ACB3DF95}"
EndProject
Project("{FAE04EC0-301F-11D3-BF4B-00C04F79EFBC}") = "TP_CSF_Variables_6Variables", "Variables\TP_CSF_Variables_6Variables\TP_CSF_Variables_6Variables.csproj", "{AB26EC3D-AA04-4DFB-B2F4-7BECEC652A0D}"
EndProject
Project("{FAE04EC0-301F-11D3-BF4B-00C04F79EFBC}") = "TP_CSF_Variables_8Variables", "Variables\TP_CSF_Variables_8Variables\TP_CSF_Variables_8Variables.csproj", "{302609AE-EFF0-4011-B43F-2FE0A332F47C}"
EndProject
Project("{FAE04EC0-301F-11D3-BF4B-00C04F79EFBC}") = "TP_CSF_Variables_9Variables", "Variables\TP_CSF_Variables_9Variables\TP_CSF_Variables_9Variables.csproj", "{FB42B266-FAED-4BC9-AA50-538AA2BE0859}"
EndProject
Project("{FAE04EC0-301F-11D3-BF4B-00C04F79EFBC}") = "TP_CSF_Variables_10Variables", "Variables\TP_CSF_Variables_10Variables\TP_CSF_Variables_10Variables.csproj", "{AE8293E9-A6F9-4E66-889D-1A36B0416C08}"
EndProject
Project("{FAE04EC0-301F-11D3-BF4B-00C04F79EFBC}") = "TP_CSF_Variables_3Variables", "Variables\TP_CSF_Variables_3Variables\TP_CSF_Variables_3Variables.csproj", "{A6F05DA3-5019-4C7C-BCAF-94DC8C1B8B6A}"
EndProject
Project("{FAE04EC0-301F-11D3-BF4B-00C04F79EFBC}") = "TP_CSF_Variables_7Variables", "Variables\TP_CSF_Variables_7Variables\TP_CSF_Variables_7Variables.csproj", "{D2363C28-5F8E-4AC8-89B3-A8F2B0E1FD01}"
EndProject
Project("{FAE04EC0-301F-11D3-BF4B-00C04F79EFBC}") = "TP_CSF_Operators_RelationalOperators_Equal", "Operators\TP_CSF_Operators_RelationalOperators_Equal\TP_CSF_Operators_RelationalOperators_Equal.csproj", "{71079F25-8CBA-4DFB-BA3C-1EE93A20FFBC}"
EndProject
Project("{FAE04EC0-301F-11D3-BF4B-00C04F79EFBC}") = "TP_CSF_Operators_RelationalOperators_NotEqual", "Operators\TP_CSF_Operators_RelationalOperators_NotEqual\TP_CSF_Operators_RelationalOperators_NotEqual.csproj", "{DD9D5E8F-6302-4D6A-8818-E8BB188B9BB3}"
EndProject
Project("{FAE04EC0-301F-11D3-BF4B-00C04F79EFBC}") = "TP_CSF_Operators_RelationalOperators_Greater", "Operators\TP_CSF_Operators_RelationalOperators_Greater\TP_CSF_Operators_RelationalOperators_Greater.csproj", "{4C962AE6-0C92-4F07-BCBB-49C6C68AABD3}"
EndProject
Project("{FAE04EC0-301F-11D3-BF4B-00C04F79EFBC}") = "TP_CSF_Operators_RelationalOperators_Less", "Operators\TP_CSF_Operators_RelationalOperators_Less\TP_CSF_Operators_RelationalOperators_Less.csproj", "{FBE1C393-AEB0-4710-83F1-39D98D45F69E}"
EndProject
Project("{FAE04EC0-301F-11D3-BF4B-00C04F79EFBC}") = "TP_CSF_Operators_RelationalOperators_GreaterOrEqual", "Operators\TP_CSF_Operators_RelationalOperators_GreaterOrEqual\TP_CSF_Operators_RelationalOperators_GreaterOrEqual.csproj", "{7C9AF58B-79CF-4832-B212-0DD679BA7496}"
EndProject
Project("{FAE04EC0-301F-11D3-BF4B-00C04F79EFBC}") = "TP_CSF_Operators_RelationalOperators_LessOrEqual", "Operators\TP_CSF_Operators_RelationalOperators_LessOrEqual\TP_CSF_Operators_RelationalOperators_LessOrEqual.csproj", "{DB472F13-CEC4-40E5-9AF3-56B8CF0EF211}"
EndProject
Global
	GlobalSection(SolutionConfigurationPlatforms) = preSolution
		Debug|Any CPU = Debug|Any CPU
		Release|Any CPU = Release|Any CPU
	EndGlobalSection
	GlobalSection(ProjectConfigurationPlatforms) = postSolution
		{C726A1FE-0B4E-4948-A50E-B5AA0A47090C}.Debug|Any CPU.ActiveCfg = Debug|Any CPU
		{C726A1FE-0B4E-4948-A50E-B5AA0A47090C}.Debug|Any CPU.Build.0 = Debug|Any CPU
		{C726A1FE-0B4E-4948-A50E-B5AA0A47090C}.Release|Any CPU.ActiveCfg = Release|Any CPU
		{C726A1FE-0B4E-4948-A50E-B5AA0A47090C}.Release|Any CPU.Build.0 = Release|Any CPU
		{F49F4CA8-7E66-4C67-BC02-551A931A5287}.Debug|Any CPU.ActiveCfg = Debug|Any CPU
		{F49F4CA8-7E66-4C67-BC02-551A931A5287}.Debug|Any CPU.Build.0 = Debug|Any CPU
		{F49F4CA8-7E66-4C67-BC02-551A931A5287}.Release|Any CPU.ActiveCfg = Release|Any CPU
		{F49F4CA8-7E66-4C67-BC02-551A931A5287}.Release|Any CPU.Build.0 = Release|Any CPU
		{0C6603D7-C22F-4637-912E-DA7D441F6B36}.Debug|Any CPU.ActiveCfg = Debug|Any CPU
		{0C6603D7-C22F-4637-912E-DA7D441F6B36}.Debug|Any CPU.Build.0 = Debug|Any CPU
		{0C6603D7-C22F-4637-912E-DA7D441F6B36}.Release|Any CPU.ActiveCfg = Release|Any CPU
		{0C6603D7-C22F-4637-912E-DA7D441F6B36}.Release|Any CPU.Build.0 = Release|Any CPU
		{9358D214-C8F9-430F-A726-1A619D6A3FCE}.Debug|Any CPU.ActiveCfg = Debug|Any CPU
		{9358D214-C8F9-430F-A726-1A619D6A3FCE}.Debug|Any CPU.Build.0 = Debug|Any CPU
		{9358D214-C8F9-430F-A726-1A619D6A3FCE}.Release|Any CPU.ActiveCfg = Release|Any CPU
		{9358D214-C8F9-430F-A726-1A619D6A3FCE}.Release|Any CPU.Build.0 = Release|Any CPU
		{5E9FEA6C-33DE-44F6-8756-848CA4C87EC5}.Debug|Any CPU.ActiveCfg = Debug|Any CPU
		{5E9FEA6C-33DE-44F6-8756-848CA4C87EC5}.Debug|Any CPU.Build.0 = Debug|Any CPU
		{5E9FEA6C-33DE-44F6-8756-848CA4C87EC5}.Release|Any CPU.ActiveCfg = Release|Any CPU
		{5E9FEA6C-33DE-44F6-8756-848CA4C87EC5}.Release|Any CPU.Build.0 = Release|Any CPU
		{ED1E6FBE-FAEE-439B-A041-0D4092A687FE}.Debug|Any CPU.ActiveCfg = Debug|Any CPU
		{ED1E6FBE-FAEE-439B-A041-0D4092A687FE}.Debug|Any CPU.Build.0 = Debug|Any CPU
		{ED1E6FBE-FAEE-439B-A041-0D4092A687FE}.Release|Any CPU.ActiveCfg = Release|Any CPU
		{ED1E6FBE-FAEE-439B-A041-0D4092A687FE}.Release|Any CPU.Build.0 = Release|Any CPU
		{D954A0D2-50E2-472F-AB43-24DD50546B54}.Debug|Any CPU.ActiveCfg = Debug|Any CPU
		{D954A0D2-50E2-472F-AB43-24DD50546B54}.Debug|Any CPU.Build.0 = Debug|Any CPU
		{D954A0D2-50E2-472F-AB43-24DD50546B54}.Release|Any CPU.ActiveCfg = Release|Any CPU
		{D954A0D2-50E2-472F-AB43-24DD50546B54}.Release|Any CPU.Build.0 = Release|Any CPU
		{5CC2F253-BA93-4A42-951F-C36A1A675AC3}.Debug|Any CPU.ActiveCfg = Debug|Any CPU
		{5CC2F253-BA93-4A42-951F-C36A1A675AC3}.Debug|Any CPU.Build.0 = Debug|Any CPU
		{5CC2F253-BA93-4A42-951F-C36A1A675AC3}.Release|Any CPU.ActiveCfg = Release|Any CPU
		{5CC2F253-BA93-4A42-951F-C36A1A675AC3}.Release|Any CPU.Build.0 = Release|Any CPU
		{3BDD2DEA-B198-4C10-9363-47D5E1BE3445}.Debug|Any CPU.ActiveCfg = Debug|Any CPU
		{3BDD2DEA-B198-4C10-9363-47D5E1BE3445}.Debug|Any CPU.Build.0 = Debug|Any CPU
		{3BDD2DEA-B198-4C10-9363-47D5E1BE3445}.Release|Any CPU.ActiveCfg = Release|Any CPU
		{3BDD2DEA-B198-4C10-9363-47D5E1BE3445}.Release|Any CPU.Build.0 = Release|Any CPU
		{90960B17-4E23-4F57-B51F-1F68181BA0FB}.Debug|Any CPU.ActiveCfg = Debug|Any CPU
		{90960B17-4E23-4F57-B51F-1F68181BA0FB}.Debug|Any CPU.Build.0 = Debug|Any CPU
		{90960B17-4E23-4F57-B51F-1F68181BA0FB}.Release|Any CPU.ActiveCfg = Release|Any CPU
		{90960B17-4E23-4F57-B51F-1F68181BA0FB}.Release|Any CPU.Build.0 = Release|Any CPU
		{00BC6C31-B0DA-46EC-A9D4-73A9E7260956}.Debug|Any CPU.ActiveCfg = Debug|Any CPU
		{00BC6C31-B0DA-46EC-A9D4-73A9E7260956}.Debug|Any CPU.Build.0 = Debug|Any CPU
		{00BC6C31-B0DA-46EC-A9D4-73A9E7260956}.Release|Any CPU.ActiveCfg = Release|Any CPU
		{00BC6C31-B0DA-46EC-A9D4-73A9E7260956}.Release|Any CPU.Build.0 = Release|Any CPU
		{A8EA4C96-E57A-4183-B8A3-71A11F461F55}.Debug|Any CPU.ActiveCfg = Debug|Any CPU
		{A8EA4C96-E57A-4183-B8A3-71A11F461F55}.Debug|Any CPU.Build.0 = Debug|Any CPU
		{A8EA4C96-E57A-4183-B8A3-71A11F461F55}.Release|Any CPU.ActiveCfg = Release|Any CPU
		{A8EA4C96-E57A-4183-B8A3-71A11F461F55}.Release|Any CPU.Build.0 = Release|Any CPU
		{ECA92691-FFA0-4057-8D4E-574960D1DF9C}.Debug|Any CPU.ActiveCfg = Debug|Any CPU
		{ECA92691-FFA0-4057-8D4E-574960D1DF9C}.Debug|Any CPU.Build.0 = Debug|Any CPU
		{ECA92691-FFA0-4057-8D4E-574960D1DF9C}.Release|Any CPU.ActiveCfg = Release|Any CPU
		{ECA92691-FFA0-4057-8D4E-574960D1DF9C}.Release|Any CPU.Build.0 = Release|Any CPU
		{A7B09214-8BC5-4AA8-94C4-6BFFED1E1E8D}.Debug|Any CPU.ActiveCfg = Debug|Any CPU
		{A7B09214-8BC5-4AA8-94C4-6BFFED1E1E8D}.Debug|Any CPU.Build.0 = Debug|Any CPU
		{A7B09214-8BC5-4AA8-94C4-6BFFED1E1E8D}.Release|Any CPU.ActiveCfg = Release|Any CPU
		{A7B09214-8BC5-4AA8-94C4-6BFFED1E1E8D}.Release|Any CPU.Build.0 = Release|Any CPU
		{D189B6FB-3915-4E57-82E0-1897F7A82742}.Debug|Any CPU.ActiveCfg = Debug|Any CPU
		{D189B6FB-3915-4E57-82E0-1897F7A82742}.Debug|Any CPU.Build.0 = Debug|Any CPU
		{D189B6FB-3915-4E57-82E0-1897F7A82742}.Release|Any CPU.ActiveCfg = Release|Any CPU
		{D189B6FB-3915-4E57-82E0-1897F7A82742}.Release|Any CPU.Build.0 = Release|Any CPU
		{AFA1519B-14C0-4B82-8157-A09755B39464}.Debug|Any CPU.ActiveCfg = Debug|Any CPU
		{AFA1519B-14C0-4B82-8157-A09755B39464}.Debug|Any CPU.Build.0 = Debug|Any CPU
		{AFA1519B-14C0-4B82-8157-A09755B39464}.Release|Any CPU.ActiveCfg = Release|Any CPU
		{AFA1519B-14C0-4B82-8157-A09755B39464}.Release|Any CPU.Build.0 = Release|Any CPU
		{23CA2443-CA27-464C-BA67-D32EE353F431}.Debug|Any CPU.ActiveCfg = Debug|Any CPU
		{23CA2443-CA27-464C-BA67-D32EE353F431}.Debug|Any CPU.Build.0 = Debug|Any CPU
		{23CA2443-CA27-464C-BA67-D32EE353F431}.Release|Any CPU.ActiveCfg = Release|Any CPU
		{23CA2443-CA27-464C-BA67-D32EE353F431}.Release|Any CPU.Build.0 = Release|Any CPU
		{38055EFE-1D1A-4301-B0F5-752EA6C420C1}.Debug|Any CPU.ActiveCfg = Debug|Any CPU
		{38055EFE-1D1A-4301-B0F5-752EA6C420C1}.Debug|Any CPU.Build.0 = Debug|Any CPU
		{38055EFE-1D1A-4301-B0F5-752EA6C420C1}.Release|Any CPU.ActiveCfg = Release|Any CPU
		{38055EFE-1D1A-4301-B0F5-752EA6C420C1}.Release|Any CPU.Build.0 = Release|Any CPU
		{F68CE910-4288-4546-A7F3-B5CDFECEFC12}.Debug|Any CPU.ActiveCfg = Debug|Any CPU
		{F68CE910-4288-4546-A7F3-B5CDFECEFC12}.Debug|Any CPU.Build.0 = Debug|Any CPU
		{F68CE910-4288-4546-A7F3-B5CDFECEFC12}.Release|Any CPU.ActiveCfg = Release|Any CPU
		{F68CE910-4288-4546-A7F3-B5CDFECEFC12}.Release|Any CPU.Build.0 = Release|Any CPU
		{502D3236-0F0F-4A94-B43F-519F89F02AB2}.Debug|Any CPU.ActiveCfg = Debug|Any CPU
		{502D3236-0F0F-4A94-B43F-519F89F02AB2}.Debug|Any CPU.Build.0 = Debug|Any CPU
		{502D3236-0F0F-4A94-B43F-519F89F02AB2}.Release|Any CPU.ActiveCfg = Release|Any CPU
		{502D3236-0F0F-4A94-B43F-519F89F02AB2}.Release|Any CPU.Build.0 = Release|Any CPU
		{CDA7795A-FE7E-4FEE-AE1B-2FE5964610C4}.Debug|Any CPU.ActiveCfg = Debug|Any CPU
		{CDA7795A-FE7E-4FEE-AE1B-2FE5964610C4}.Debug|Any CPU.Build.0 = Debug|Any CPU
		{CDA7795A-FE7E-4FEE-AE1B-2FE5964610C4}.Release|Any CPU.ActiveCfg = Release|Any CPU
		{CDA7795A-FE7E-4FEE-AE1B-2FE5964610C4}.Release|Any CPU.Build.0 = Release|Any CPU
		{0DEB08A0-7672-46E5-BA13-94F21C059851}.Debug|Any CPU.ActiveCfg = Debug|Any CPU
		{0DEB08A0-7672-46E5-BA13-94F21C059851}.Debug|Any CPU.Build.0 = Debug|Any CPU
		{0DEB08A0-7672-46E5-BA13-94F21C059851}.Release|Any CPU.ActiveCfg = Release|Any CPU
		{0DEB08A0-7672-46E5-BA13-94F21C059851}.Release|Any CPU.Build.0 = Release|Any CPU
		{5E479212-9D0B-40B7-A9D8-15AC87424B10}.Debug|Any CPU.ActiveCfg = Debug|Any CPU
		{5E479212-9D0B-40B7-A9D8-15AC87424B10}.Debug|Any CPU.Build.0 = Debug|Any CPU
		{5E479212-9D0B-40B7-A9D8-15AC87424B10}.Release|Any CPU.ActiveCfg = Release|Any CPU
		{5E479212-9D0B-40B7-A9D8-15AC87424B10}.Release|Any CPU.Build.0 = Release|Any CPU
		{4F51A00F-CC57-469C-82FD-EA3C0743796A}.Debug|Any CPU.ActiveCfg = Debug|Any CPU
		{4F51A00F-CC57-469C-82FD-EA3C0743796A}.Debug|Any CPU.Build.0 = Debug|Any CPU
		{4F51A00F-CC57-469C-82FD-EA3C0743796A}.Release|Any CPU.ActiveCfg = Release|Any CPU
		{4F51A00F-CC57-469C-82FD-EA3C0743796A}.Release|Any CPU.Build.0 = Release|Any CPU
		{75CDE07D-D8B7-4494-950B-FFF6ACB3DF95}.Debug|Any CPU.ActiveCfg = Debug|Any CPU
		{75CDE07D-D8B7-4494-950B-FFF6ACB3DF95}.Debug|Any CPU.Build.0 = Debug|Any CPU
		{75CDE07D-D8B7-4494-950B-FFF6ACB3DF95}.Release|Any CPU.ActiveCfg = Release|Any CPU
		{75CDE07D-D8B7-4494-950B-FFF6ACB3DF95}.Release|Any CPU.Build.0 = Release|Any CPU
		{AB26EC3D-AA04-4DFB-B2F4-7BECEC652A0D}.Debug|Any CPU.ActiveCfg = Debug|Any CPU
		{AB26EC3D-AA04-4DFB-B2F4-7BECEC652A0D}.Debug|Any CPU.Build.0 = Debug|Any CPU
		{AB26EC3D-AA04-4DFB-B2F4-7BECEC652A0D}.Release|Any CPU.ActiveCfg = Release|Any CPU
		{AB26EC3D-AA04-4DFB-B2F4-7BECEC652A0D}.Release|Any CPU.Build.0 = Release|Any CPU
		{302609AE-EFF0-4011-B43F-2FE0A332F47C}.Debug|Any CPU.ActiveCfg = Debug|Any CPU
		{302609AE-EFF0-4011-B43F-2FE0A332F47C}.Debug|Any CPU.Build.0 = Debug|Any CPU
		{302609AE-EFF0-4011-B43F-2FE0A332F47C}.Release|Any CPU.ActiveCfg = Release|Any CPU
		{302609AE-EFF0-4011-B43F-2FE0A332F47C}.Release|Any CPU.Build.0 = Release|Any CPU
		{FB42B266-FAED-4BC9-AA50-538AA2BE0859}.Debug|Any CPU.ActiveCfg = Debug|Any CPU
		{FB42B266-FAED-4BC9-AA50-538AA2BE0859}.Debug|Any CPU.Build.0 = Debug|Any CPU
		{FB42B266-FAED-4BC9-AA50-538AA2BE0859}.Release|Any CPU.ActiveCfg = Release|Any CPU
		{FB42B266-FAED-4BC9-AA50-538AA2BE0859}.Release|Any CPU.Build.0 = Release|Any CPU
		{AE8293E9-A6F9-4E66-889D-1A36B0416C08}.Debug|Any CPU.ActiveCfg = Debug|Any CPU
		{AE8293E9-A6F9-4E66-889D-1A36B0416C08}.Debug|Any CPU.Build.0 = Debug|Any CPU
		{AE8293E9-A6F9-4E66-889D-1A36B0416C08}.Release|Any CPU.ActiveCfg = Release|Any CPU
		{AE8293E9-A6F9-4E66-889D-1A36B0416C08}.Release|Any CPU.Build.0 = Release|Any CPU
		{A6F05DA3-5019-4C7C-BCAF-94DC8C1B8B6A}.Debug|Any CPU.ActiveCfg = Debug|Any CPU
		{A6F05DA3-5019-4C7C-BCAF-94DC8C1B8B6A}.Debug|Any CPU.Build.0 = Debug|Any CPU
		{A6F05DA3-5019-4C7C-BCAF-94DC8C1B8B6A}.Release|Any CPU.ActiveCfg = Release|Any CPU
		{A6F05DA3-5019-4C7C-BCAF-94DC8C1B8B6A}.Release|Any CPU.Build.0 = Release|Any CPU
		{D2363C28-5F8E-4AC8-89B3-A8F2B0E1FD01}.Debug|Any CPU.ActiveCfg = Debug|Any CPU
		{D2363C28-5F8E-4AC8-89B3-A8F2B0E1FD01}.Debug|Any CPU.Build.0 = Debug|Any CPU
		{D2363C28-5F8E-4AC8-89B3-A8F2B0E1FD01}.Release|Any CPU.ActiveCfg = Release|Any CPU
		{D2363C28-5F8E-4AC8-89B3-A8F2B0E1FD01}.Release|Any CPU.Build.0 = Release|Any CPU
		{71079F25-8CBA-4DFB-BA3C-1EE93A20FFBC}.Debug|Any CPU.ActiveCfg = Debug|Any CPU
		{71079F25-8CBA-4DFB-BA3C-1EE93A20FFBC}.Debug|Any CPU.Build.0 = Debug|Any CPU
		{71079F25-8CBA-4DFB-BA3C-1EE93A20FFBC}.Release|Any CPU.ActiveCfg = Release|Any CPU
		{71079F25-8CBA-4DFB-BA3C-1EE93A20FFBC}.Release|Any CPU.Build.0 = Release|Any CPU
		{DD9D5E8F-6302-4D6A-8818-E8BB188B9BB3}.Debug|Any CPU.ActiveCfg = Debug|Any CPU
		{DD9D5E8F-6302-4D6A-8818-E8BB188B9BB3}.Debug|Any CPU.Build.0 = Debug|Any CPU
		{DD9D5E8F-6302-4D6A-8818-E8BB188B9BB3}.Release|Any CPU.ActiveCfg = Release|Any CPU
		{DD9D5E8F-6302-4D6A-8818-E8BB188B9BB3}.Release|Any CPU.Build.0 = Release|Any CPU
		{4C962AE6-0C92-4F07-BCBB-49C6C68AABD3}.Debug|Any CPU.ActiveCfg = Debug|Any CPU
		{4C962AE6-0C92-4F07-BCBB-49C6C68AABD3}.Debug|Any CPU.Build.0 = Debug|Any CPU
		{4C962AE6-0C92-4F07-BCBB-49C6C68AABD3}.Release|Any CPU.ActiveCfg = Release|Any CPU
		{4C962AE6-0C92-4F07-BCBB-49C6C68AABD3}.Release|Any CPU.Build.0 = Release|Any CPU
		{FBE1C393-AEB0-4710-83F1-39D98D45F69E}.Debug|Any CPU.ActiveCfg = Debug|Any CPU
		{FBE1C393-AEB0-4710-83F1-39D98D45F69E}.Debug|Any CPU.Build.0 = Debug|Any CPU
		{FBE1C393-AEB0-4710-83F1-39D98D45F69E}.Release|Any CPU.ActiveCfg = Release|Any CPU
		{FBE1C393-AEB0-4710-83F1-39D98D45F69E}.Release|Any CPU.Build.0 = Release|Any CPU
		{7C9AF58B-79CF-4832-B212-0DD679BA7496}.Debug|Any CPU.ActiveCfg = Debug|Any CPU
		{7C9AF58B-79CF-4832-B212-0DD679BA7496}.Debug|Any CPU.Build.0 = Debug|Any CPU
		{7C9AF58B-79CF-4832-B212-0DD679BA7496}.Release|Any CPU.ActiveCfg = Release|Any CPU
		{7C9AF58B-79CF-4832-B212-0DD679BA7496}.Release|Any CPU.Build.0 = Release|Any CPU
		{DB472F13-CEC4-40E5-9AF3-56B8CF0EF211}.Debug|Any CPU.ActiveCfg = Debug|Any CPU
		{DB472F13-CEC4-40E5-9AF3-56B8CF0EF211}.Debug|Any CPU.Build.0 = Debug|Any CPU
		{DB472F13-CEC4-40E5-9AF3-56B8CF0EF211}.Release|Any CPU.ActiveCfg = Release|Any CPU
		{DB472F13-CEC4-40E5-9AF3-56B8CF0EF211}.Release|Any CPU.Build.0 = Release|Any CPU
	EndGlobalSection
	GlobalSection(SolutionProperties) = preSolution
		HideSolutionNode = FALSE
	EndGlobalSection
	GlobalSection(NestedProjects) = preSolution
		{C726A1FE-0B4E-4948-A50E-B5AA0A47090C} = {351C60C1-4BE0-4F8D-BE9C-7A2EC228DE91}
		{F49F4CA8-7E66-4C67-BC02-551A931A5287} = {D2E94D46-6D75-4791-A8FE-3B85075BB575}
		{0C6603D7-C22F-4637-912E-DA7D441F6B36} = {D2E94D46-6D75-4791-A8FE-3B85075BB575}
		{9358D214-C8F9-430F-A726-1A619D6A3FCE} = {D2E94D46-6D75-4791-A8FE-3B85075BB575}
		{5E9FEA6C-33DE-44F6-8756-848CA4C87EC5} = {D2E94D46-6D75-4791-A8FE-3B85075BB575}
		{ED1E6FBE-FAEE-439B-A041-0D4092A687FE} = {D2E94D46-6D75-4791-A8FE-3B85075BB575}
		{D954A0D2-50E2-472F-AB43-24DD50546B54} = {D2E94D46-6D75-4791-A8FE-3B85075BB575}
		{5CC2F253-BA93-4A42-951F-C36A1A675AC3} = {D2E94D46-6D75-4791-A8FE-3B85075BB575}
		{3BDD2DEA-B198-4C10-9363-47D5E1BE3445} = {D2E94D46-6D75-4791-A8FE-3B85075BB575}
		{90960B17-4E23-4F57-B51F-1F68181BA0FB} = {D2E94D46-6D75-4791-A8FE-3B85075BB575}
		{00BC6C31-B0DA-46EC-A9D4-73A9E7260956} = {D2E94D46-6D75-4791-A8FE-3B85075BB575}
		{A8EA4C96-E57A-4183-B8A3-71A11F461F55} = {D2E94D46-6D75-4791-A8FE-3B85075BB575}
		{ECA92691-FFA0-4057-8D4E-574960D1DF9C} = {D2E94D46-6D75-4791-A8FE-3B85075BB575}
		{A7B09214-8BC5-4AA8-94C4-6BFFED1E1E8D} = {D2E94D46-6D75-4791-A8FE-3B85075BB575}
		{D189B6FB-3915-4E57-82E0-1897F7A82742} = {C5606315-07D8-44A4-9C59-1E598106F6B5}
		{AFA1519B-14C0-4B82-8157-A09755B39464} = {C5606315-07D8-44A4-9C59-1E598106F6B5}
		{23CA2443-CA27-464C-BA67-D32EE353F431} = {C5606315-07D8-44A4-9C59-1E598106F6B5}
		{38055EFE-1D1A-4301-B0F5-752EA6C420C1} = {C5606315-07D8-44A4-9C59-1E598106F6B5}
		{F68CE910-4288-4546-A7F3-B5CDFECEFC12} = {C5606315-07D8-44A4-9C59-1E598106F6B5}
		{502D3236-0F0F-4A94-B43F-519F89F02AB2} = {C5606315-07D8-44A4-9C59-1E598106F6B5}
		{CDA7795A-FE7E-4FEE-AE1B-2FE5964610C4} = {C5606315-07D8-44A4-9C59-1E598106F6B5}
		{0DEB08A0-7672-46E5-BA13-94F21C059851} = {28BA61D3-9ECB-4932-AAE0-5416ED7EC5AC}
		{5E479212-9D0B-40B7-A9D8-15AC87424B10} = {28BA61D3-9ECB-4932-AAE0-5416ED7EC5AC}
		{4F51A00F-CC57-469C-82FD-EA3C0743796A} = {28BA61D3-9ECB-4932-AAE0-5416ED7EC5AC}
		{75CDE07D-D8B7-4494-950B-FFF6ACB3DF95} = {28BA61D3-9ECB-4932-AAE0-5416ED7EC5AC}
		{AB26EC3D-AA04-4DFB-B2F4-7BECEC652A0D} = {28BA61D3-9ECB-4932-AAE0-5416ED7EC5AC}
		{302609AE-EFF0-4011-B43F-2FE0A332F47C} = {28BA61D3-9ECB-4932-AAE0-5416ED7EC5AC}
		{FB42B266-FAED-4BC9-AA50-538AA2BE0859} = {28BA61D3-9ECB-4932-AAE0-5416ED7EC5AC}
		{AE8293E9-A6F9-4E66-889D-1A36B0416C08} = {28BA61D3-9ECB-4932-AAE0-5416ED7EC5AC}
		{A6F05DA3-5019-4C7C-BCAF-94DC8C1B8B6A} = {28BA61D3-9ECB-4932-AAE0-5416ED7EC5AC}
		{D2363C28-5F8E-4AC8-89B3-A8F2B0E1FD01} = {28BA61D3-9ECB-4932-AAE0-5416ED7EC5AC}
		{71079F25-8CBA-4DFB-BA3C-1EE93A20FFBC} = {C5606315-07D8-44A4-9C59-1E598106F6B5}
		{DD9D5E8F-6302-4D6A-8818-E8BB188B9BB3} = {C5606315-07D8-44A4-9C59-1E598106F6B5}
		{4C962AE6-0C92-4F07-BCBB-49C6C68AABD3} = {C5606315-07D8-44A4-9C59-1E598106F6B5}
		{FBE1C393-AEB0-4710-83F1-39D98D45F69E} = {C5606315-07D8-44A4-9C59-1E598106F6B5}
		{7C9AF58B-79CF-4832-B212-0DD679BA7496} = {C5606315-07D8-44A4-9C59-1E598106F6B5}
		{DB472F13-CEC4-40E5-9AF3-56B8CF0EF211} = {C5606315-07D8-44A4-9C59-1E598106F6B5}
	EndGlobalSection
EndGlobal
