
Microsoft Visual Studio Solution File, Format Version 12.00
# Visual Studio 14
VisualStudioVersion = 14.0.25420.1
MinimumVisualStudioVersion = 10.0.40219.1
Project("{2150E333-8FDC-42A3-9474-1A3956D46DE8}") = "Basics", "Basics", "{351C60C1-4BE0-4F8D-BE9C-7A2EC228DE91}"
EndProject
Project("{FAE04EC0-301F-11D3-BF4B-00C04F79EFBC}") = "TP_CSF_Basics_HelloWorld", "Basics\TP_CSF_Basics_HelloWorld\TP_CSF_Basics_HelloWorld.csproj", "{C726A1FE-0B4E-4948-A50E-B5AA0A47090C}"
EndProject
Project("{2150E333-8FDC-42A3-9474-1A3956D46DE8}") = "ValueTypes", "ValueTypes", "{D2E94D46-6D75-4791-A8FE-3B85075BB575}"
EndProject
Project("{FAE04EC0-301F-11D3-BF4B-00C04F79EFBC}") = "TP_CSF_ValueTypes_Int", "ValueTypes\TP_CSF_ValueTypes_Int\TP_CSF_ValueTypes_Int.csproj", "{F49F4CA8-7E66-4C67-BC02-551A931A5287}"
EndProject
Project("{FAE04EC0-301F-11D3-BF4B-00C04F79EFBC}") = "TP_CSF_ValueTypes_UInt", "ValueTypes\TP_CSF_ValueTypes_UInt\TP_CSF_ValueTypes_UInt.csproj", "{0C6603D7-C22F-4637-912E-DA7D441F6B36}"
EndProject
Project("{FAE04EC0-301F-11D3-BF4B-00C04F79EFBC}") = "TP_CSF_ValueTypes_Long", "ValueTypes\TP_CSF_ValueTypes_Long\TP_CSF_ValueTypes_Long.csproj", "{9358D214-C8F9-430F-A726-1A619D6A3FCE}"
EndProject
Project("{FAE04EC0-301F-11D3-BF4B-00C04F79EFBC}") = "TP_CSF_ValueTypes_ULong", "ValueTypes\TP_CSF_ValueTypes_ULong\TP_CSF_ValueTypes_ULong.csproj", "{5E9FEA6C-33DE-44F6-8756-848CA4C87EC5}"
EndProject
Project("{FAE04EC0-301F-11D3-BF4B-00C04F79EFBC}") = "TP_CSF_ValueTypes_Short", "ValueTypes\TP_CSF_ValueTypes_Short\TP_CSF_ValueTypes_Short.csproj", "{ED1E6FBE-FAEE-439B-A041-0D4092A687FE}"
EndProject
Project("{FAE04EC0-301F-11D3-BF4B-00C04F79EFBC}") = "TP_CSF_ValueTypes_UShort", "ValueTypes\TP_CSF_ValueTypes_UShort\TP_CSF_ValueTypes_UShort.csproj", "{D954A0D2-50E2-472F-AB43-24DD50546B54}"
EndProject
Project("{FAE04EC0-301F-11D3-BF4B-00C04F79EFBC}") = "TP_CSF_ValueTypes_Byte", "ValueTypes\TP_CSF_ValueTypes_Byte\TP_CSF_ValueTypes_Byte.csproj", "{5CC2F253-BA93-4A42-951F-C36A1A675AC3}"
EndProject
Project("{FAE04EC0-301F-11D3-BF4B-00C04F79EFBC}") = "TP_CSF_ValueTypes_SByte", "ValueTypes\TP_CSF_ValueTypes_SByte\TP_CSF_ValueTypes_SByte.csproj", "{3BDD2DEA-B198-4C10-9363-47D5E1BE3445}"
EndProject
Project("{FAE04EC0-301F-11D3-BF4B-00C04F79EFBC}") = "TP_CSF_ValueTypes_Float", "ValueTypes\TP_CSF_ValueTypes_Float\TP_CSF_ValueTypes_Float.csproj", "{90960B17-4E23-4F57-B51F-1F68181BA0FB}"
EndProject
Project("{FAE04EC0-301F-11D3-BF4B-00C04F79EFBC}") = "TP_CSF_ValueTypes_Double", "ValueTypes\TP_CSF_ValueTypes_Double\TP_CSF_ValueTypes_Double.csproj", "{00BC6C31-B0DA-46EC-A9D4-73A9E7260956}"
EndProject
Project("{FAE04EC0-301F-11D3-BF4B-00C04F79EFBC}") = "TP_CSF_ValueTypes_Decimal", "ValueTypes\TP_CSF_ValueTypes_Decimal\TP_CSF_ValueTypes_Decimal.csproj", "{A8EA4C96-E57A-4183-B8A3-71A11F461F55}"
EndProject
Project("{FAE04EC0-301F-11D3-BF4B-00C04F79EFBC}") = "TP_CSF_ValueTypes_Bool", "ValueTypes\TP_CSF_ValueTypes_Bool\TP_CSF_ValueTypes_Bool.csproj", "{ECA92691-FFA0-4057-8D4E-574960D1DF9C}"
EndProject
Project("{FAE04EC0-301F-11D3-BF4B-00C04F79EFBC}") = "TP_CSF_ValueTypes_Char", "ValueTypes\TP_CSF_ValueTypes_Char\TP_CSF_ValueTypes_Char.csproj", "{A7B09214-8BC5-4AA8-94C4-6BFFED1E1E8D}"
EndProject
Global
	GlobalSection(SolutionConfigurationPlatforms) = preSolution
		Debug|Any CPU = Debug|Any CPU
		Release|Any CPU = Release|Any CPU
	EndGlobalSection
	GlobalSection(ProjectConfigurationPlatforms) = postSolution
		{C726A1FE-0B4E-4948-A50E-B5AA0A47090C}.Debug|Any CPU.ActiveCfg = Debug|Any CPU
		{C726A1FE-0B4E-4948-A50E-B5AA0A47090C}.Debug|Any CPU.Build.0 = Debug|Any CPU
		{C726A1FE-0B4E-4948-A50E-B5AA0A47090C}.Release|Any CPU.ActiveCfg = Release|Any CPU
		{C726A1FE-0B4E-4948-A50E-B5AA0A47090C}.Release|Any CPU.Build.0 = Release|Any CPU
		{F49F4CA8-7E66-4C67-BC02-551A931A5287}.Debug|Any CPU.ActiveCfg = Debug|Any CPU
		{F49F4CA8-7E66-4C67-BC02-551A931A5287}.Debug|Any CPU.Build.0 = Debug|Any CPU
		{F49F4CA8-7E66-4C67-BC02-551A931A5287}.Release|Any CPU.ActiveCfg = Release|Any CPU
		{F49F4CA8-7E66-4C67-BC02-551A931A5287}.Release|Any CPU.Build.0 = Release|Any CPU
		{0C6603D7-C22F-4637-912E-DA7D441F6B36}.Debug|Any CPU.ActiveCfg = Debug|Any CPU
		{0C6603D7-C22F-4637-912E-DA7D441F6B36}.Debug|Any CPU.Build.0 = Debug|Any CPU
		{0C6603D7-C22F-4637-912E-DA7D441F6B36}.Release|Any CPU.ActiveCfg = Release|Any CPU
		{0C6603D7-C22F-4637-912E-DA7D441F6B36}.Release|Any CPU.Build.0 = Release|Any CPU
		{9358D214-C8F9-430F-A726-1A619D6A3FCE}.Debug|Any CPU.ActiveCfg = Debug|Any CPU
		{9358D214-C8F9-430F-A726-1A619D6A3FCE}.Debug|Any CPU.Build.0 = Debug|Any CPU
		{9358D214-C8F9-430F-A726-1A619D6A3FCE}.Release|Any CPU.ActiveCfg = Release|Any CPU
		{9358D214-C8F9-430F-A726-1A619D6A3FCE}.Release|Any CPU.Build.0 = Release|Any CPU
		{5E9FEA6C-33DE-44F6-8756-848CA4C87EC5}.Debug|Any CPU.ActiveCfg = Debug|Any CPU
		{5E9FEA6C-33DE-44F6-8756-848CA4C87EC5}.Debug|Any CPU.Build.0 = Debug|Any CPU
		{5E9FEA6C-33DE-44F6-8756-848CA4C87EC5}.Release|Any CPU.ActiveCfg = Release|Any CPU
		{5E9FEA6C-33DE-44F6-8756-848CA4C87EC5}.Release|Any CPU.Build.0 = Release|Any CPU
		{ED1E6FBE-FAEE-439B-A041-0D4092A687FE}.Debug|Any CPU.ActiveCfg = Debug|Any CPU
		{ED1E6FBE-FAEE-439B-A041-0D4092A687FE}.Debug|Any CPU.Build.0 = Debug|Any CPU
		{ED1E6FBE-FAEE-439B-A041-0D4092A687FE}.Release|Any CPU.ActiveCfg = Release|Any CPU
		{ED1E6FBE-FAEE-439B-A041-0D4092A687FE}.Release|Any CPU.Build.0 = Release|Any CPU
		{D954A0D2-50E2-472F-AB43-24DD50546B54}.Debug|Any CPU.ActiveCfg = Debug|Any CPU
		{D954A0D2-50E2-472F-AB43-24DD50546B54}.Debug|Any CPU.Build.0 = Debug|Any CPU
		{D954A0D2-50E2-472F-AB43-24DD50546B54}.Release|Any CPU.ActiveCfg = Release|Any CPU
		{D954A0D2-50E2-472F-AB43-24DD50546B54}.Release|Any CPU.Build.0 = Release|Any CPU
		{5CC2F253-BA93-4A42-951F-C36A1A675AC3}.Debug|Any CPU.ActiveCfg = Debug|Any CPU
		{5CC2F253-BA93-4A42-951F-C36A1A675AC3}.Debug|Any CPU.Build.0 = Debug|Any CPU
		{5CC2F253-BA93-4A42-951F-C36A1A675AC3}.Release|Any CPU.ActiveCfg = Release|Any CPU
		{5CC2F253-BA93-4A42-951F-C36A1A675AC3}.Release|Any CPU.Build.0 = Release|Any CPU
		{3BDD2DEA-B198-4C10-9363-47D5E1BE3445}.Debug|Any CPU.ActiveCfg = Debug|Any CPU
		{3BDD2DEA-B198-4C10-9363-47D5E1BE3445}.Debug|Any CPU.Build.0 = Debug|Any CPU
		{3BDD2DEA-B198-4C10-9363-47D5E1BE3445}.Release|Any CPU.ActiveCfg = Release|Any CPU
		{3BDD2DEA-B198-4C10-9363-47D5E1BE3445}.Release|Any CPU.Build.0 = Release|Any CPU
		{90960B17-4E23-4F57-B51F-1F68181BA0FB}.Debug|Any CPU.ActiveCfg = Debug|Any CPU
		{90960B17-4E23-4F57-B51F-1F68181BA0FB}.Debug|Any CPU.Build.0 = Debug|Any CPU
		{90960B17-4E23-4F57-B51F-1F68181BA0FB}.Release|Any CPU.ActiveCfg = Release|Any CPU
		{90960B17-4E23-4F57-B51F-1F68181BA0FB}.Release|Any CPU.Build.0 = Release|Any CPU
		{00BC6C31-B0DA-46EC-A9D4-73A9E7260956}.Debug|Any CPU.ActiveCfg = Debug|Any CPU
		{00BC6C31-B0DA-46EC-A9D4-73A9E7260956}.Debug|Any CPU.Build.0 = Debug|Any CPU
		{00BC6C31-B0DA-46EC-A9D4-73A9E7260956}.Release|Any CPU.ActiveCfg = Release|Any CPU
		{00BC6C31-B0DA-46EC-A9D4-73A9E7260956}.Release|Any CPU.Build.0 = Release|Any CPU
		{A8EA4C96-E57A-4183-B8A3-71A11F461F55}.Debug|Any CPU.ActiveCfg = Debug|Any CPU
		{A8EA4C96-E57A-4183-B8A3-71A11F461F55}.Debug|Any CPU.Build.0 = Debug|Any CPU
		{A8EA4C96-E57A-4183-B8A3-71A11F461F55}.Release|Any CPU.ActiveCfg = Release|Any CPU
		{A8EA4C96-E57A-4183-B8A3-71A11F461F55}.Release|Any CPU.Build.0 = Release|Any CPU
		{ECA92691-FFA0-4057-8D4E-574960D1DF9C}.Debug|Any CPU.ActiveCfg = Debug|Any CPU
		{ECA92691-FFA0-4057-8D4E-574960D1DF9C}.Debug|Any CPU.Build.0 = Debug|Any CPU
		{ECA92691-FFA0-4057-8D4E-574960D1DF9C}.Release|Any CPU.ActiveCfg = Release|Any CPU
		{ECA92691-FFA0-4057-8D4E-574960D1DF9C}.Release|Any CPU.Build.0 = Release|Any CPU
		{A7B09214-8BC5-4AA8-94C4-6BFFED1E1E8D}.Debug|Any CPU.ActiveCfg = Debug|Any CPU
		{A7B09214-8BC5-4AA8-94C4-6BFFED1E1E8D}.Debug|Any CPU.Build.0 = Debug|Any CPU
		{A7B09214-8BC5-4AA8-94C4-6BFFED1E1E8D}.Release|Any CPU.ActiveCfg = Release|Any CPU
		{A7B09214-8BC5-4AA8-94C4-6BFFED1E1E8D}.Release|Any CPU.Build.0 = Release|Any CPU
	EndGlobalSection
	GlobalSection(SolutionProperties) = preSolution
		HideSolutionNode = FALSE
	EndGlobalSection
	GlobalSection(NestedProjects) = preSolution
		{C726A1FE-0B4E-4948-A50E-B5AA0A47090C} = {351C60C1-4BE0-4F8D-BE9C-7A2EC228DE91}
		{F49F4CA8-7E66-4C67-BC02-551A931A5287} = {D2E94D46-6D75-4791-A8FE-3B85075BB575}
		{0C6603D7-C22F-4637-912E-DA7D441F6B36} = {D2E94D46-6D75-4791-A8FE-3B85075BB575}
		{9358D214-C8F9-430F-A726-1A619D6A3FCE} = {D2E94D46-6D75-4791-A8FE-3B85075BB575}
		{5E9FEA6C-33DE-44F6-8756-848CA4C87EC5} = {D2E94D46-6D75-4791-A8FE-3B85075BB575}
		{ED1E6FBE-FAEE-439B-A041-0D4092A687FE} = {D2E94D46-6D75-4791-A8FE-3B85075BB575}
		{D954A0D2-50E2-472F-AB43-24DD50546B54} = {D2E94D46-6D75-4791-A8FE-3B85075BB575}
		{5CC2F253-BA93-4A42-951F-C36A1A675AC3} = {D2E94D46-6D75-4791-A8FE-3B85075BB575}
		{3BDD2DEA-B198-4C10-9363-47D5E1BE3445} = {D2E94D46-6D75-4791-A8FE-3B85075BB575}
		{90960B17-4E23-4F57-B51F-1F68181BA0FB} = {D2E94D46-6D75-4791-A8FE-3B85075BB575}
		{00BC6C31-B0DA-46EC-A9D4-73A9E7260956} = {D2E94D46-6D75-4791-A8FE-3B85075BB575}
		{A8EA4C96-E57A-4183-B8A3-71A11F461F55} = {D2E94D46-6D75-4791-A8FE-3B85075BB575}
		{ECA92691-FFA0-4057-8D4E-574960D1DF9C} = {D2E94D46-6D75-4791-A8FE-3B85075BB575}
		{A7B09214-8BC5-4AA8-94C4-6BFFED1E1E8D} = {D2E94D46-6D75-4791-A8FE-3B85075BB575}
	EndGlobalSection
EndGlobal
