
Microsoft Visual Studio Solution File, Format Version 12.00
# Visual Studio 14
VisualStudioVersion = 14.0.25420.1
MinimumVisualStudioVersion = 10.0.40219.1
Project("{2150E333-8FDC-42A3-9474-1A3956D46DE8}") = "UI", "UI", "{325FE713-9065-4EFA-A7D9-A98686D13F50}"
EndProject
Project("{FAE04EC0-301F-11D3-BF4B-00C04F79EFBC}") = "CILantro.UI.HiddenUI", "UI\CILantro.UI.HiddenUI\CILantro.UI.HiddenUI.csproj", "{53E0F931-D5AF-4008-A4A5-99F0D1D6915E}"
EndProject
Project("{2150E333-8FDC-42A3-9474-1A3956D46DE8}") = "Engine", "Engine", "{34DC4D01-319D-4952-B7AB-07BC08879282}"
EndProject
Project("{FAE04EC0-301F-11D3-BF4B-00C04F79EFBC}") = "CILantro.Engine", "Engine\CILantro.Engine\CILantro.Engine.csproj", "{DA8AF066-464A-4832-9F2C-EF5AB805A6F1}"
EndProject
Project("{2150E333-8FDC-42A3-9474-1A3956D46DE8}") = "Parser", "Parser", "{4D29967C-8E0C-4103-A565-32D0E85E439E}"
EndProject
Project("{FAE04EC0-301F-11D3-BF4B-00C04F79EFBC}") = "CILantro.Parser", "Parser\CILantro.Parser\CILantro.Parser.csproj", "{A06EC1E5-1EFC-46E9-8826-C77D97DE35CB}"
EndProject
Project("{2150E333-8FDC-42A3-9474-1A3956D46DE8}") = "AST", "AST", "{1BF1F1E8-1A2F-4CC6-A252-826F75CBF1C1}"
EndProject
Project("{FAE04EC0-301F-11D3-BF4B-00C04F79EFBC}") = "CILantro.AST", "AST\CILantro.AST\CILantro.AST.csproj", "{BFE8F89A-87D2-475D-A34F-48753F6AE495}"
EndProject
Project("{2150E333-8FDC-42A3-9474-1A3956D46DE8}") = "Interpreter", "Interpreter", "{B30EB183-7BEF-478E-8B3A-C50086EC0BF8}"
EndProject
Project("{FAE04EC0-301F-11D3-BF4B-00C04F79EFBC}") = "CILantro.Interpreter", "Interpreter\CILantro.Interpreter\CILantro.Interpreter.csproj", "{E0DCB7F3-2A13-4402-A0FF-E8D900BDD9C9}"
EndProject
Project("{FAE04EC0-301F-11D3-BF4B-00C04F79EFBC}") = "CILantro.UI.ConsoleUI", "UI\CILantro.UI.ConsoleUI\CILantro.UI.ConsoleUI.csproj", "{91605117-BC19-4C50-B5ED-C7E2ABE97946}"
EndProject
Global
	GlobalSection(SolutionConfigurationPlatforms) = preSolution
		Debug|Any CPU = Debug|Any CPU
		Release|Any CPU = Release|Any CPU
	EndGlobalSection
	GlobalSection(ProjectConfigurationPlatforms) = postSolution
		{53E0F931-D5AF-4008-A4A5-99F0D1D6915E}.Debug|Any CPU.ActiveCfg = Debug|Any CPU
		{53E0F931-D5AF-4008-A4A5-99F0D1D6915E}.Debug|Any CPU.Build.0 = Debug|Any CPU
		{53E0F931-D5AF-4008-A4A5-99F0D1D6915E}.Release|Any CPU.ActiveCfg = Release|Any CPU
		{53E0F931-D5AF-4008-A4A5-99F0D1D6915E}.Release|Any CPU.Build.0 = Release|Any CPU
		{DA8AF066-464A-4832-9F2C-EF5AB805A6F1}.Debug|Any CPU.ActiveCfg = Debug|Any CPU
		{DA8AF066-464A-4832-9F2C-EF5AB805A6F1}.Debug|Any CPU.Build.0 = Debug|Any CPU
		{DA8AF066-464A-4832-9F2C-EF5AB805A6F1}.Release|Any CPU.ActiveCfg = Release|Any CPU
		{DA8AF066-464A-4832-9F2C-EF5AB805A6F1}.Release|Any CPU.Build.0 = Release|Any CPU
		{A06EC1E5-1EFC-46E9-8826-C77D97DE35CB}.Debug|Any CPU.ActiveCfg = Debug|Any CPU
		{A06EC1E5-1EFC-46E9-8826-C77D97DE35CB}.Debug|Any CPU.Build.0 = Debug|Any CPU
		{A06EC1E5-1EFC-46E9-8826-C77D97DE35CB}.Release|Any CPU.ActiveCfg = Release|Any CPU
		{A06EC1E5-1EFC-46E9-8826-C77D97DE35CB}.Release|Any CPU.Build.0 = Release|Any CPU
		{BFE8F89A-87D2-475D-A34F-48753F6AE495}.Debug|Any CPU.ActiveCfg = Debug|Any CPU
		{BFE8F89A-87D2-475D-A34F-48753F6AE495}.Debug|Any CPU.Build.0 = Debug|Any CPU
		{BFE8F89A-87D2-475D-A34F-48753F6AE495}.Release|Any CPU.ActiveCfg = Release|Any CPU
		{BFE8F89A-87D2-475D-A34F-48753F6AE495}.Release|Any CPU.Build.0 = Release|Any CPU
		{E0DCB7F3-2A13-4402-A0FF-E8D900BDD9C9}.Debug|Any CPU.ActiveCfg = Debug|Any CPU
		{E0DCB7F3-2A13-4402-A0FF-E8D900BDD9C9}.Debug|Any CPU.Build.0 = Debug|Any CPU
		{E0DCB7F3-2A13-4402-A0FF-E8D900BDD9C9}.Release|Any CPU.ActiveCfg = Release|Any CPU
		{E0DCB7F3-2A13-4402-A0FF-E8D900BDD9C9}.Release|Any CPU.Build.0 = Release|Any CPU
		{91605117-BC19-4C50-B5ED-C7E2ABE97946}.Debug|Any CPU.ActiveCfg = Debug|Any CPU
		{91605117-BC19-4C50-B5ED-C7E2ABE97946}.Debug|Any CPU.Build.0 = Debug|Any CPU
		{91605117-BC19-4C50-B5ED-C7E2ABE97946}.Release|Any CPU.ActiveCfg = Release|Any CPU
		{91605117-BC19-4C50-B5ED-C7E2ABE97946}.Release|Any CPU.Build.0 = Release|Any CPU
	EndGlobalSection
	GlobalSection(SolutionProperties) = preSolution
		HideSolutionNode = FALSE
	EndGlobalSection
	GlobalSection(NestedProjects) = preSolution
		{53E0F931-D5AF-4008-A4A5-99F0D1D6915E} = {325FE713-9065-4EFA-A7D9-A98686D13F50}
		{DA8AF066-464A-4832-9F2C-EF5AB805A6F1} = {34DC4D01-319D-4952-B7AB-07BC08879282}
		{A06EC1E5-1EFC-46E9-8826-C77D97DE35CB} = {4D29967C-8E0C-4103-A565-32D0E85E439E}
		{BFE8F89A-87D2-475D-A34F-48753F6AE495} = {1BF1F1E8-1A2F-4CC6-A252-826F75CBF1C1}
		{E0DCB7F3-2A13-4402-A0FF-E8D900BDD9C9} = {B30EB183-7BEF-478E-8B3A-C50086EC0BF8}
		{91605117-BC19-4C50-B5ED-C7E2ABE97946} = {325FE713-9065-4EFA-A7D9-A98686D13F50}
	EndGlobalSection
EndGlobal
