
Microsoft Visual Studio Solution File, Format Version 12.00
# Visual Studio 14
VisualStudioVersion = 14.0.25420.1
MinimumVisualStudioVersion = 10.0.40219.1
Project("{2150E333-8FDC-42A3-9474-1A3956D46DE8}") = "UI", "UI", "{325FE713-9065-4EFA-A7D9-A98686D13F50}"
EndProject
Project("{FAE04EC0-301F-11D3-BF4B-00C04F79EFBC}") = "CILantro.UI.HiddenUI", "UI\CILantro.UI.HiddenUI\CILantro.UI.HiddenUI.csproj", "{53E0F931-D5AF-4008-A4A5-99F0D1D6915E}"
EndProject
Global
	GlobalSection(SolutionConfigurationPlatforms) = preSolution
		Debug|Any CPU = Debug|Any CPU
		Release|Any CPU = Release|Any CPU
	EndGlobalSection
	GlobalSection(ProjectConfigurationPlatforms) = postSolution
		{53E0F931-D5AF-4008-A4A5-99F0D1D6915E}.Debug|Any CPU.ActiveCfg = Debug|Any CPU
		{53E0F931-D5AF-4008-A4A5-99F0D1D6915E}.Debug|Any CPU.Build.0 = Debug|Any CPU
		{53E0F931-D5AF-4008-A4A5-99F0D1D6915E}.Release|Any CPU.ActiveCfg = Release|Any CPU
		{53E0F931-D5AF-4008-A4A5-99F0D1D6915E}.Release|Any CPU.Build.0 = Release|Any CPU
	EndGlobalSection
	GlobalSection(SolutionProperties) = preSolution
		HideSolutionNode = FALSE
	EndGlobalSection
	GlobalSection(NestedProjects) = preSolution
		{53E0F931-D5AF-4008-A4A5-99F0D1D6915E} = {325FE713-9065-4EFA-A7D9-A98686D13F50}
	EndGlobalSection
EndGlobal
