
Microsoft Visual Studio Solution File, Format Version 12.00
# Visual Studio 14
VisualStudioVersion = 14.0.25420.1
MinimumVisualStudioVersion = 10.0.40219.1
Project("{2150E333-8FDC-42A3-9474-1A3956D46DE8}") = "UI", "UI", "{325FE713-9065-4EFA-A7D9-A98686D13F50}"
EndProject
Project("{FAE04EC0-301F-11D3-BF4B-00C04F79EFBC}") = "CILantro.UI.HiddenUI", "UI\CILantro.UI.HiddenUI\CILantro.UI.HiddenUI.csproj", "{53E0F931-D5AF-4008-A4A5-99F0D1D6915E}"
EndProject
Project("{2150E333-8FDC-42A3-9474-1A3956D46DE8}") = "Engine", "Engine", "{34DC4D01-319D-4952-B7AB-07BC08879282}"
EndProject
Project("{FAE04EC0-301F-11D3-BF4B-00C04F79EFBC}") = "CILantro.Engine", "Engine\CILantro.Engine\CILantro.Engine.csproj", "{DA8AF066-464A-4832-9F2C-EF5AB805A6F1}"
EndProject
Project("{2150E333-8FDC-42A3-9474-1A3956D46DE8}") = "Parser", "Parser", "{4D29967C-8E0C-4103-A565-32D0E85E439E}"
EndProject
Project("{FAE04EC0-301F-11D3-BF4B-00C04F79EFBC}") = "CILantro.Parser", "Parser\CILantro.Parser\CILantro.Parser.csproj", "{A06EC1E5-1EFC-46E9-8826-C77D97DE35CB}"
EndProject
Project("{2150E333-8FDC-42A3-9474-1A3956D46DE8}") = "AST", "AST", "{1BF1F1E8-1A2F-4CC6-A252-826F75CBF1C1}"
EndProject
Project("{FAE04EC0-301F-11D3-BF4B-00C04F79EFBC}") = "CILantro.AST", "AST\CILantro.AST\CILantro.AST.csproj", "{BFE8F89A-87D2-475D-A34F-48753F6AE495}"
EndProject
Project("{2150E333-8FDC-42A3-9474-1A3956D46DE8}") = "Interpreter", "Interpreter", "{B30EB183-7BEF-478E-8B3A-C50086EC0BF8}"
EndProject
Project("{FAE04EC0-301F-11D3-BF4B-00C04F79EFBC}") = "CILantro.Interpreter", "Interpreter\CILantro.Interpreter\CILantro.Interpreter.csproj", "{E0DCB7F3-2A13-4402-A0FF-E8D900BDD9C9}"
EndProject
Project("{FAE04EC0-301F-11D3-BF4B-00C04F79EFBC}") = "CILantro.UI.ConsoleUI", "UI\CILantro.UI.ConsoleUI\CILantro.UI.ConsoleUI.csproj", "{91605117-BC19-4C50-B5ED-C7E2ABE97946}"
EndProject
Project("{2150E333-8FDC-42A3-9474-1A3956D46DE8}") = "Grammar", "Grammar", "{6D676E7A-8487-470B-A327-FB80417A9116}"
EndProject
Project("{FAE04EC0-301F-11D3-BF4B-00C04F79EFBC}") = "CILantro.Grammar", "Grammar\CILantro.Grammar\CILantro.Grammar.csproj", "{F54FCA78-7B13-4380-B2DA-BE289388144A}"
EndProject
Project("{2150E333-8FDC-42A3-9474-1A3956D46DE8}") = "Extensions", "Extensions", "{DC4FC8E0-E5F2-447F-ADE3-2C6FA7B508CE}"
EndProject
Project("{FAE04EC0-301F-11D3-BF4B-00C04F79EFBC}") = "CILantro.Extensions", "Extensions\CILantro.Extensions\CILantro.Extensions.csproj", "{5FB262C0-01C3-48B0-9680-60132B4D388D}"
EndProject
Project("{2150E333-8FDC-42A3-9474-1A3956D46DE8}") = "ASTBuilder", "ASTBuilder", "{4502EADF-0E97-4470-80A9-479D54C67AF9}"
EndProject
Project("{FAE04EC0-301F-11D3-BF4B-00C04F79EFBC}") = "CILantro.ASTBuilder", "ASTBuilder\CILantro.ASTBuilder\CILantro.ASTBuilder.csproj", "{6E7FDEB0-2460-4A2F-8624-341CD4C37E28}"
EndProject
Project("{2150E333-8FDC-42A3-9474-1A3956D46DE8}") = "State", "State", "{B4D85AAF-2537-42E0-8757-6842EC97C920}"
EndProject
Project("{FAE04EC0-301F-11D3-BF4B-00C04F79EFBC}") = "CILantro.State", "State\CILantro.State\CILantro.State.csproj", "{D0D15302-773B-4BB9-B02F-05357C060362}"
EndProject
Project("{2150E333-8FDC-42A3-9474-1A3956D46DE8}") = "Helpers", "Helpers", "{46EE6A1E-90A3-440B-AFFD-D151B57B3835}"
EndProject
Project("{FAE04EC0-301F-11D3-BF4B-00C04F79EFBC}") = "CILantro.Helpers", "Helpers\CILantro.Helpers\CILantro.Helpers.csproj", "{0773A94C-E887-4195-B23E-14610016DAE4}"
EndProject
Project("{FAE04EC0-301F-11D3-BF4B-00C04F79EFBC}") = "CILantro.Helpers.Convertions", "Helpers\CILantro.Helpers.Convert\CILantro.Helpers.Convertions.csproj", "{0534119C-0967-44E9-A368-9271D164393F}"
EndProject
Global
	GlobalSection(SolutionConfigurationPlatforms) = preSolution
		Debug|Any CPU = Debug|Any CPU
		Release|Any CPU = Release|Any CPU
	EndGlobalSection
	GlobalSection(ProjectConfigurationPlatforms) = postSolution
		{53E0F931-D5AF-4008-A4A5-99F0D1D6915E}.Debug|Any CPU.ActiveCfg = Debug|Any CPU
		{53E0F931-D5AF-4008-A4A5-99F0D1D6915E}.Debug|Any CPU.Build.0 = Debug|Any CPU
		{53E0F931-D5AF-4008-A4A5-99F0D1D6915E}.Release|Any CPU.ActiveCfg = Release|Any CPU
		{53E0F931-D5AF-4008-A4A5-99F0D1D6915E}.Release|Any CPU.Build.0 = Release|Any CPU
		{DA8AF066-464A-4832-9F2C-EF5AB805A6F1}.Debug|Any CPU.ActiveCfg = Debug|Any CPU
		{DA8AF066-464A-4832-9F2C-EF5AB805A6F1}.Debug|Any CPU.Build.0 = Debug|Any CPU
		{DA8AF066-464A-4832-9F2C-EF5AB805A6F1}.Release|Any CPU.ActiveCfg = Release|Any CPU
		{DA8AF066-464A-4832-9F2C-EF5AB805A6F1}.Release|Any CPU.Build.0 = Release|Any CPU
		{A06EC1E5-1EFC-46E9-8826-C77D97DE35CB}.Debug|Any CPU.ActiveCfg = Debug|Any CPU
		{A06EC1E5-1EFC-46E9-8826-C77D97DE35CB}.Debug|Any CPU.Build.0 = Debug|Any CPU
		{A06EC1E5-1EFC-46E9-8826-C77D97DE35CB}.Release|Any CPU.ActiveCfg = Release|Any CPU
		{A06EC1E5-1EFC-46E9-8826-C77D97DE35CB}.Release|Any CPU.Build.0 = Release|Any CPU
		{BFE8F89A-87D2-475D-A34F-48753F6AE495}.Debug|Any CPU.ActiveCfg = Debug|Any CPU
		{BFE8F89A-87D2-475D-A34F-48753F6AE495}.Debug|Any CPU.Build.0 = Debug|Any CPU
		{BFE8F89A-87D2-475D-A34F-48753F6AE495}.Release|Any CPU.ActiveCfg = Release|Any CPU
		{BFE8F89A-87D2-475D-A34F-48753F6AE495}.Release|Any CPU.Build.0 = Release|Any CPU
		{E0DCB7F3-2A13-4402-A0FF-E8D900BDD9C9}.Debug|Any CPU.ActiveCfg = Debug|Any CPU
		{E0DCB7F3-2A13-4402-A0FF-E8D900BDD9C9}.Debug|Any CPU.Build.0 = Debug|Any CPU
		{E0DCB7F3-2A13-4402-A0FF-E8D900BDD9C9}.Release|Any CPU.ActiveCfg = Release|Any CPU
		{E0DCB7F3-2A13-4402-A0FF-E8D900BDD9C9}.Release|Any CPU.Build.0 = Release|Any CPU
		{91605117-BC19-4C50-B5ED-C7E2ABE97946}.Debug|Any CPU.ActiveCfg = Debug|Any CPU
		{91605117-BC19-4C50-B5ED-C7E2ABE97946}.Debug|Any CPU.Build.0 = Debug|Any CPU
		{91605117-BC19-4C50-B5ED-C7E2ABE97946}.Release|Any CPU.ActiveCfg = Release|Any CPU
		{91605117-BC19-4C50-B5ED-C7E2ABE97946}.Release|Any CPU.Build.0 = Release|Any CPU
		{F54FCA78-7B13-4380-B2DA-BE289388144A}.Debug|Any CPU.ActiveCfg = Debug|Any CPU
		{F54FCA78-7B13-4380-B2DA-BE289388144A}.Debug|Any CPU.Build.0 = Debug|Any CPU
		{F54FCA78-7B13-4380-B2DA-BE289388144A}.Release|Any CPU.ActiveCfg = Release|Any CPU
		{F54FCA78-7B13-4380-B2DA-BE289388144A}.Release|Any CPU.Build.0 = Release|Any CPU
		{5FB262C0-01C3-48B0-9680-60132B4D388D}.Debug|Any CPU.ActiveCfg = Debug|Any CPU
		{5FB262C0-01C3-48B0-9680-60132B4D388D}.Debug|Any CPU.Build.0 = Debug|Any CPU
		{5FB262C0-01C3-48B0-9680-60132B4D388D}.Release|Any CPU.ActiveCfg = Release|Any CPU
		{5FB262C0-01C3-48B0-9680-60132B4D388D}.Release|Any CPU.Build.0 = Release|Any CPU
		{6E7FDEB0-2460-4A2F-8624-341CD4C37E28}.Debug|Any CPU.ActiveCfg = Debug|Any CPU
		{6E7FDEB0-2460-4A2F-8624-341CD4C37E28}.Debug|Any CPU.Build.0 = Debug|Any CPU
		{6E7FDEB0-2460-4A2F-8624-341CD4C37E28}.Release|Any CPU.ActiveCfg = Release|Any CPU
		{6E7FDEB0-2460-4A2F-8624-341CD4C37E28}.Release|Any CPU.Build.0 = Release|Any CPU
		{D0D15302-773B-4BB9-B02F-05357C060362}.Debug|Any CPU.ActiveCfg = Debug|Any CPU
		{D0D15302-773B-4BB9-B02F-05357C060362}.Debug|Any CPU.Build.0 = Debug|Any CPU
		{D0D15302-773B-4BB9-B02F-05357C060362}.Release|Any CPU.ActiveCfg = Release|Any CPU
		{D0D15302-773B-4BB9-B02F-05357C060362}.Release|Any CPU.Build.0 = Release|Any CPU
		{0773A94C-E887-4195-B23E-14610016DAE4}.Debug|Any CPU.ActiveCfg = Debug|Any CPU
		{0773A94C-E887-4195-B23E-14610016DAE4}.Debug|Any CPU.Build.0 = Debug|Any CPU
		{0773A94C-E887-4195-B23E-14610016DAE4}.Release|Any CPU.ActiveCfg = Release|Any CPU
		{0773A94C-E887-4195-B23E-14610016DAE4}.Release|Any CPU.Build.0 = Release|Any CPU
		{0534119C-0967-44E9-A368-9271D164393F}.Debug|Any CPU.ActiveCfg = Debug|Any CPU
		{0534119C-0967-44E9-A368-9271D164393F}.Debug|Any CPU.Build.0 = Debug|Any CPU
		{0534119C-0967-44E9-A368-9271D164393F}.Release|Any CPU.ActiveCfg = Release|Any CPU
		{0534119C-0967-44E9-A368-9271D164393F}.Release|Any CPU.Build.0 = Release|Any CPU
	EndGlobalSection
	GlobalSection(SolutionProperties) = preSolution
		HideSolutionNode = FALSE
	EndGlobalSection
	GlobalSection(NestedProjects) = preSolution
		{53E0F931-D5AF-4008-A4A5-99F0D1D6915E} = {325FE713-9065-4EFA-A7D9-A98686D13F50}
		{DA8AF066-464A-4832-9F2C-EF5AB805A6F1} = {34DC4D01-319D-4952-B7AB-07BC08879282}
		{A06EC1E5-1EFC-46E9-8826-C77D97DE35CB} = {4D29967C-8E0C-4103-A565-32D0E85E439E}
		{BFE8F89A-87D2-475D-A34F-48753F6AE495} = {1BF1F1E8-1A2F-4CC6-A252-826F75CBF1C1}
		{E0DCB7F3-2A13-4402-A0FF-E8D900BDD9C9} = {B30EB183-7BEF-478E-8B3A-C50086EC0BF8}
		{91605117-BC19-4C50-B5ED-C7E2ABE97946} = {325FE713-9065-4EFA-A7D9-A98686D13F50}
		{F54FCA78-7B13-4380-B2DA-BE289388144A} = {6D676E7A-8487-470B-A327-FB80417A9116}
		{5FB262C0-01C3-48B0-9680-60132B4D388D} = {DC4FC8E0-E5F2-447F-ADE3-2C6FA7B508CE}
		{6E7FDEB0-2460-4A2F-8624-341CD4C37E28} = {4502EADF-0E97-4470-80A9-479D54C67AF9}
		{D0D15302-773B-4BB9-B02F-05357C060362} = {B4D85AAF-2537-42E0-8757-6842EC97C920}
		{0773A94C-E887-4195-B23E-14610016DAE4} = {46EE6A1E-90A3-440B-AFFD-D151B57B3835}
		{0534119C-0967-44E9-A368-9271D164393F} = {46EE6A1E-90A3-440B-AFFD-D151B57B3835}
	EndGlobalSection
EndGlobal
